
Microsoft Visual Studio Solution File, Format Version 12.00
# Visual Studio Version 16
VisualStudioVersion = 16.0.29613.14
MinimumVisualStudioVersion = 10.0.40219.1
Project("{9A19103F-16F7-4668-BE54-9A1E7A4F7556}") = "BoringGames.API", "BoringGames\BoringGames.API.csproj", "{F279A720-D706-47CA-97CE-94A244838709}"
EndProject
Project("{9A19103F-16F7-4668-BE54-9A1E7A4F7556}") = "TicTacToe", "TicTacToe\TicTacToe.csproj", "{6AD9DF2E-8969-47C6-9AD6-110F01059E18}"
EndProject
Project("{9A19103F-16F7-4668-BE54-9A1E7A4F7556}") = "TicTacToe.Test", "TicTacToe.Test\TicTacToe.Test.csproj", "{960B78BB-AF0D-488D-BDA2-64132BB8812B}"
EndProject
Project("{9A19103F-16F7-4668-BE54-9A1E7A4F7556}") = "BoringGames.Shared", "BoringGames.Shared\BoringGames.Shared.csproj", "{7E70EAEF-8826-4971-AFDD-228066432083}"
EndProject
Project("{9A19103F-16F7-4668-BE54-9A1E7A4F7556}") = "BoringGames.Shared.Test", "BoringGames.Shared.Test\BoringGames.Shared.Test.csproj", "{69C557E3-1C9D-4674-9300-ACFE021274C0}"
EndProject
Project("{9A19103F-16F7-4668-BE54-9A1E7A4F7556}") = "BoringGames.Txt", "BoringGames.Txt\BoringGames.Txt.csproj", "{62B39635-AAAE-445E-B15C-0FD92D3F8E0C}"
EndProject
Project("{FAE04EC0-301F-11D3-BF4B-00C04F79EFBC}") = "BoringGames.Core", "BoringGames.Core\BoringGames.Core.csproj", "{D0230BC6-F8B5-4A10-A959-64B5825CCD0F}"
EndProject
Project("{FAE04EC0-301F-11D3-BF4B-00C04F79EFBC}") = "BoringGames.Core.Test", "BoringGames.Core.Test\BoringGames.Core.Test.csproj", "{4F30427E-0F28-499C-9EAB-E69407A778B5}"
EndProject
Global
	GlobalSection(SolutionConfigurationPlatforms) = preSolution
		Debug|Any CPU = Debug|Any CPU
		Release|Any CPU = Release|Any CPU
	EndGlobalSection
	GlobalSection(ProjectConfigurationPlatforms) = postSolution
		{F279A720-D706-47CA-97CE-94A244838709}.Debug|Any CPU.ActiveCfg = Debug|Any CPU
		{F279A720-D706-47CA-97CE-94A244838709}.Debug|Any CPU.Build.0 = Debug|Any CPU
		{F279A720-D706-47CA-97CE-94A244838709}.Release|Any CPU.ActiveCfg = Release|Any CPU
		{F279A720-D706-47CA-97CE-94A244838709}.Release|Any CPU.Build.0 = Release|Any CPU
		{6AD9DF2E-8969-47C6-9AD6-110F01059E18}.Debug|Any CPU.ActiveCfg = Debug|Any CPU
		{6AD9DF2E-8969-47C6-9AD6-110F01059E18}.Debug|Any CPU.Build.0 = Debug|Any CPU
		{6AD9DF2E-8969-47C6-9AD6-110F01059E18}.Release|Any CPU.ActiveCfg = Release|Any CPU
		{6AD9DF2E-8969-47C6-9AD6-110F01059E18}.Release|Any CPU.Build.0 = Release|Any CPU
		{960B78BB-AF0D-488D-BDA2-64132BB8812B}.Debug|Any CPU.ActiveCfg = Debug|Any CPU
		{960B78BB-AF0D-488D-BDA2-64132BB8812B}.Debug|Any CPU.Build.0 = Debug|Any CPU
		{960B78BB-AF0D-488D-BDA2-64132BB8812B}.Release|Any CPU.ActiveCfg = Release|Any CPU
		{960B78BB-AF0D-488D-BDA2-64132BB8812B}.Release|Any CPU.Build.0 = Release|Any CPU
		{7E70EAEF-8826-4971-AFDD-228066432083}.Debug|Any CPU.ActiveCfg = Debug|Any CPU
		{7E70EAEF-8826-4971-AFDD-228066432083}.Debug|Any CPU.Build.0 = Debug|Any CPU
		{7E70EAEF-8826-4971-AFDD-228066432083}.Release|Any CPU.ActiveCfg = Release|Any CPU
		{7E70EAEF-8826-4971-AFDD-228066432083}.Release|Any CPU.Build.0 = Release|Any CPU
		{69C557E3-1C9D-4674-9300-ACFE021274C0}.Debug|Any CPU.ActiveCfg = Debug|Any CPU
		{69C557E3-1C9D-4674-9300-ACFE021274C0}.Debug|Any CPU.Build.0 = Debug|Any CPU
		{69C557E3-1C9D-4674-9300-ACFE021274C0}.Release|Any CPU.ActiveCfg = Release|Any CPU
		{69C557E3-1C9D-4674-9300-ACFE021274C0}.Release|Any CPU.Build.0 = Release|Any CPU
		{62B39635-AAAE-445E-B15C-0FD92D3F8E0C}.Debug|Any CPU.ActiveCfg = Debug|Any CPU
		{62B39635-AAAE-445E-B15C-0FD92D3F8E0C}.Debug|Any CPU.Build.0 = Debug|Any CPU
		{62B39635-AAAE-445E-B15C-0FD92D3F8E0C}.Release|Any CPU.ActiveCfg = Release|Any CPU
		{62B39635-AAAE-445E-B15C-0FD92D3F8E0C}.Release|Any CPU.Build.0 = Release|Any CPU
		{D0230BC6-F8B5-4A10-A959-64B5825CCD0F}.Debug|Any CPU.ActiveCfg = Debug|Any CPU
		{D0230BC6-F8B5-4A10-A959-64B5825CCD0F}.Debug|Any CPU.Build.0 = Debug|Any CPU
		{D0230BC6-F8B5-4A10-A959-64B5825CCD0F}.Release|Any CPU.ActiveCfg = Release|Any CPU
		{D0230BC6-F8B5-4A10-A959-64B5825CCD0F}.Release|Any CPU.Build.0 = Release|Any CPU
		{4F30427E-0F28-499C-9EAB-E69407A778B5}.Debug|Any CPU.ActiveCfg = Debug|Any CPU
		{4F30427E-0F28-499C-9EAB-E69407A778B5}.Debug|Any CPU.Build.0 = Debug|Any CPU
		{4F30427E-0F28-499C-9EAB-E69407A778B5}.Release|Any CPU.ActiveCfg = Release|Any CPU
		{4F30427E-0F28-499C-9EAB-E69407A778B5}.Release|Any CPU.Build.0 = Release|Any CPU
	EndGlobalSection
	GlobalSection(SolutionProperties) = preSolution
		HideSolutionNode = FALSE
	EndGlobalSection
	GlobalSection(ExtensibilityGlobals) = postSolution
		SolutionGuid = {B81BE36C-F39A-4E1C-9A59-72E6BCB1C1FB}
	EndGlobalSection
EndGlobal
